
Microsoft Visual Studio Solution File, Format Version 12.00
# Visual Studio Version 17
VisualStudioVersion = 17.3.32825.248
MinimumVisualStudioVersion = 10.0.40219.1
Project("{2150E333-8FDC-42A3-9474-1A3956D46DE8}") = "FizzBuzz", "FizzBuzz", "{F490C4AC-23EB-4141-A12C-5B70C1EDE774}"
EndProject
Project("{9A19103F-16F7-4668-BE54-9A1E7A4F7556}") = "FizzBuzz.Application", "FizzBuzz\FizzBuzz.Application\FizzBuzz.Application.csproj", "{224604B3-C7DA-4692-B8CA-C8532F28E741}"
EndProject
Project("{9A19103F-16F7-4668-BE54-9A1E7A4F7556}") = "FizzBuzz.Core", "FizzBuzz\FizzBuzz.Core\FizzBuzz.Core.csproj", "{D872EB15-C448-4C7D-B800-1AA2698DDD7D}"
EndProject
Project("{9A19103F-16F7-4668-BE54-9A1E7A4F7556}") = "FizzBuzz.Test", "FizzBuzz\FizzBuzz.Test\FizzBuzz.Test.csproj", "{8CDD40A3-5887-4D48-89A5-6015C98585C6}"
EndProject
Project("{2150E333-8FDC-42A3-9474-1A3956D46DE8}") = "Greed", "Greed", "{D0D95B1F-D784-4A3B-BE20-106DC7B23379}"
EndProject
Project("{9A19103F-16F7-4668-BE54-9A1E7A4F7556}") = "Greed.Application", "Greed\Greed.Application\Greed.Application.csproj", "{00BD406F-54D9-4459-BEC1-0D6F9FA33E6B}"
EndProject
Project("{9A19103F-16F7-4668-BE54-9A1E7A4F7556}") = "Greed.Console", "Greed\Greed.Console\Greed.Console.csproj", "{6572FC62-2062-4373-B08E-C11CC8EA1E68}"
EndProject
Project("{9A19103F-16F7-4668-BE54-9A1E7A4F7556}") = "Greed.Test", "Greed\Greed.Test\Greed.Test.csproj", "{FCCEA03C-ED98-4616-88B6-1B97178E924B}"
EndProject
Global
	GlobalSection(SolutionConfigurationPlatforms) = preSolution
		Debug|Any CPU = Debug|Any CPU
		Release|Any CPU = Release|Any CPU
	EndGlobalSection
	GlobalSection(ProjectConfigurationPlatforms) = postSolution
		{224604B3-C7DA-4692-B8CA-C8532F28E741}.Debug|Any CPU.ActiveCfg = Debug|Any CPU
		{224604B3-C7DA-4692-B8CA-C8532F28E741}.Debug|Any CPU.Build.0 = Debug|Any CPU
		{224604B3-C7DA-4692-B8CA-C8532F28E741}.Release|Any CPU.ActiveCfg = Release|Any CPU
		{224604B3-C7DA-4692-B8CA-C8532F28E741}.Release|Any CPU.Build.0 = Release|Any CPU
		{D872EB15-C448-4C7D-B800-1AA2698DDD7D}.Debug|Any CPU.ActiveCfg = Debug|Any CPU
		{D872EB15-C448-4C7D-B800-1AA2698DDD7D}.Debug|Any CPU.Build.0 = Debug|Any CPU
		{D872EB15-C448-4C7D-B800-1AA2698DDD7D}.Release|Any CPU.ActiveCfg = Release|Any CPU
		{D872EB15-C448-4C7D-B800-1AA2698DDD7D}.Release|Any CPU.Build.0 = Release|Any CPU
		{8CDD40A3-5887-4D48-89A5-6015C98585C6}.Debug|Any CPU.ActiveCfg = Debug|Any CPU
		{8CDD40A3-5887-4D48-89A5-6015C98585C6}.Debug|Any CPU.Build.0 = Debug|Any CPU
		{8CDD40A3-5887-4D48-89A5-6015C98585C6}.Release|Any CPU.ActiveCfg = Release|Any CPU
		{8CDD40A3-5887-4D48-89A5-6015C98585C6}.Release|Any CPU.Build.0 = Release|Any CPU
		{00BD406F-54D9-4459-BEC1-0D6F9FA33E6B}.Debug|Any CPU.ActiveCfg = Debug|Any CPU
		{00BD406F-54D9-4459-BEC1-0D6F9FA33E6B}.Debug|Any CPU.Build.0 = Debug|Any CPU
		{00BD406F-54D9-4459-BEC1-0D6F9FA33E6B}.Release|Any CPU.ActiveCfg = Release|Any CPU
		{00BD406F-54D9-4459-BEC1-0D6F9FA33E6B}.Release|Any CPU.Build.0 = Release|Any CPU
		{6572FC62-2062-4373-B08E-C11CC8EA1E68}.Debug|Any CPU.ActiveCfg = Debug|Any CPU
		{6572FC62-2062-4373-B08E-C11CC8EA1E68}.Debug|Any CPU.Build.0 = Debug|Any CPU
		{6572FC62-2062-4373-B08E-C11CC8EA1E68}.Release|Any CPU.ActiveCfg = Release|Any CPU
		{6572FC62-2062-4373-B08E-C11CC8EA1E68}.Release|Any CPU.Build.0 = Release|Any CPU
		{FCCEA03C-ED98-4616-88B6-1B97178E924B}.Debug|Any CPU.ActiveCfg = Debug|Any CPU
		{FCCEA03C-ED98-4616-88B6-1B97178E924B}.Debug|Any CPU.Build.0 = Debug|Any CPU
		{FCCEA03C-ED98-4616-88B6-1B97178E924B}.Release|Any CPU.ActiveCfg = Release|Any CPU
		{FCCEA03C-ED98-4616-88B6-1B97178E924B}.Release|Any CPU.Build.0 = Release|Any CPU
	EndGlobalSection
	GlobalSection(SolutionProperties) = preSolution
		HideSolutionNode = FALSE
	EndGlobalSection
	GlobalSection(NestedProjects) = preSolution
		{224604B3-C7DA-4692-B8CA-C8532F28E741} = {F490C4AC-23EB-4141-A12C-5B70C1EDE774}
		{D872EB15-C448-4C7D-B800-1AA2698DDD7D} = {F490C4AC-23EB-4141-A12C-5B70C1EDE774}
		{8CDD40A3-5887-4D48-89A5-6015C98585C6} = {F490C4AC-23EB-4141-A12C-5B70C1EDE774}
		{00BD406F-54D9-4459-BEC1-0D6F9FA33E6B} = {D0D95B1F-D784-4A3B-BE20-106DC7B23379}
		{6572FC62-2062-4373-B08E-C11CC8EA1E68} = {D0D95B1F-D784-4A3B-BE20-106DC7B23379}
		{FCCEA03C-ED98-4616-88B6-1B97178E924B} = {D0D95B1F-D784-4A3B-BE20-106DC7B23379}
	EndGlobalSection
	GlobalSection(ExtensibilityGlobals) = postSolution
		SolutionGuid = {98DED86F-1B9A-420C-A656-BD41C933A5EB}
	EndGlobalSection
EndGlobal
